{
  "nodes": {
    "fenix": {
      "inputs": {
        "nixpkgs": [
          "nixpkgs"
        ],
        "rust-analyzer-src": "rust-analyzer-src"
      },
      "locked": {
        "lastModified": 1785833146,
        "narHash": "sha256-FX+HlsdcUJQ3l7A9R5ArjUBTWEU7qLeB8nQMhpcvYpA=",
        "owner": "nix-community",
        "repo": "fenix",
        "rev": "4a4484b275c3f40f5181c0ec17dbe23acdcf3444",
        "type": "github"
      },
      "original": {
        "owner": "nix-community",
        "repo": "fenix",
        "type": "github"
      }
    },
    "nixpkgs": {
      "locked": {
        "lastModified": 1785828668,
        "narHash": "sha256-8fsyqeO+mJqvIzeO4xIpgJe/f7MTbbVTEC6RT6WSXNs=",
        "owner": "NixOS",
        "repo": "nixpkgs",
        "rev": "e72e4f299401a3689d4b3d5fc6496b11db7064eb",
        "type": "github"
      },
      "original": {
        "owner": "NixOS",
        "ref": "nixos-unstable",
        "repo": "nixpkgs",
        "type": "github"
      }
    },
    "root": {
      "inputs": {
        "fenix": "fenix",
        "nixpkgs": "nixpkgs"
      }
    },
    "rust-analyzer-src": {
      "flake": false,
      "locked": {
        "lastModified": 1785785397,
        "narHash": "sha256-JogDSaCukhJmhO+vHdhdwa6I1v5lHOt8ZTMWWY95Ulc=",
        "owner": "rust-lang",
        "repo": "rust-analyzer",
        "rev": "5f258f4534e3b4bdaa45a1299b53a66cf014d803",
        "type": "github"
      },
      "original": {
        "owner": "rust-lang",
        "ref": "nightly",
        "repo": "rust-analyzer",
        "type": "github"
      }
    }
  },
  "root": "root",
  "version": 7
}
